
Microsoft Visual Studio Solution File, Format Version 12.00
# Visual Studio Version 16
VisualStudioVersion = 16.0.31702.278
MinimumVisualStudioVersion = 10.0.40219.1
Project("{9A19103F-16F7-4668-BE54-9A1E7A4F7556}") = "TemporalViewerApi", "TemporalViewerApi\TemporalViewerApi.csproj", "{D9915CA9-91CB-41C8-9099-3A1BF3318E4B}"
EndProject
Project("{2150E333-8FDC-42A3-9474-1A3956D46DE8}") = "Solution Items", "Solution Items", "{506502EC-7BBE-4237-9562-F5FEB321704B}"
	ProjectSection(SolutionItems) = preProject
		README.md = README.md
	EndProjectSection
EndProject
Global
	GlobalSection(SolutionConfigurationPlatforms) = preSolution
		Debug|Any CPU = Debug|Any CPU
		Release|Any CPU = Release|Any CPU
	EndGlobalSection
	GlobalSection(ProjectConfigurationPlatforms) = postSolution
		{D9915CA9-91CB-41C8-9099-3A1BF3318E4B}.Debug|Any CPU.ActiveCfg = Debug|Any CPU
		{D9915CA9-91CB-41C8-9099-3A1BF3318E4B}.Debug|Any CPU.Build.0 = Debug|Any CPU
		{D9915CA9-91CB-41C8-9099-3A1BF3318E4B}.Release|Any CPU.ActiveCfg = Release|Any CPU
		{D9915CA9-91CB-41C8-9099-3A1BF3318E4B}.Release|Any CPU.Build.0 = Release|Any CPU
	EndGlobalSection
	GlobalSection(SolutionProperties) = preSolution
		HideSolutionNode = FALSE
	EndGlobalSection
	GlobalSection(ExtensibilityGlobals) = postSolution
		SolutionGuid = {FD4974A5-CB89-4B88-9C79-A3B888580DE4}
	EndGlobalSection
EndGlobal
